
Microsoft Visual Studio Solution File, Format Version 12.00
# Visual Studio Version 17
VisualStudioVersion = 17.5.002.0
MinimumVisualStudioVersion = 10.0.40219.1
Project("{9A19103F-16F7-4668-BE54-9A1E7A4F7556}") = "Demo.MongoDB", "Demo.MongoDB.csproj", "{2047FA30-7D12-4894-836F-D22FFBD812D2}"
EndProject
Global
	GlobalSection(SolutionConfigurationPlatforms) = preSolution
		Debug|Any CPU = Debug|Any CPU
		Release|Any CPU = Release|Any CPU
	EndGlobalSection
	GlobalSection(ProjectConfigurationPlatforms) = postSolution
		{2047FA30-7D12-4894-836F-D22FFBD812D2}.Debug|Any CPU.ActiveCfg = Debug|Any CPU
		{2047FA30-7D12-4894-836F-D22FFBD812D2}.Debug|Any CPU.Build.0 = Debug|Any CPU
		{2047FA30-7D12-4894-836F-D22FFBD812D2}.Release|Any CPU.ActiveCfg = Release|Any CPU
		{2047FA30-7D12-4894-836F-D22FFBD812D2}.Release|Any CPU.Build.0 = Release|Any CPU
	EndGlobalSection
	GlobalSection(SolutionProperties) = preSolution
		HideSolutionNode = FALSE
	EndGlobalSection
	GlobalSection(ExtensibilityGlobals) = postSolution
		SolutionGuid = {3B8DEAC5-5F38-4CF0-9EBD-BAA133809BEF}
	EndGlobalSection
EndGlobal
