Microsoft Visual Studio Solution File, Format Version 12.00
# Visual Studio Version 17
VisualStudioVersion = 17.5.2.0
MinimumVisualStudioVersion = 10.0.40219.1
Project("{FAE04EC0-301F-11D3-BF4B-00C04F79EFBC}") = "DIService", "DIService.csproj", "{06E90069-0207-7A1F-573E-5AAAC6EDD6D0}"
EndProject
Global
	GlobalSection(SolutionConfigurationPlatforms) = preSolution
		Debug|Any CPU = Debug|Any CPU
		Release|Any CPU = Release|Any CPU
	EndGlobalSection
	GlobalSection(ProjectConfigurationPlatforms) = postSolution
		{06E90069-0207-7A1F-573E-5AAAC6EDD6D0}.Debug|Any CPU.ActiveCfg = Debug|Any CPU
		{06E90069-0207-7A1F-573E-5AAAC6EDD6D0}.Debug|Any CPU.Build.0 = Debug|Any CPU
		{06E90069-0207-7A1F-573E-5AAAC6EDD6D0}.Release|Any CPU.ActiveCfg = Release|Any CPU
		{06E90069-0207-7A1F-573E-5AAAC6EDD6D0}.Release|Any CPU.Build.0 = Release|Any CPU
	EndGlobalSection
	GlobalSection(SolutionProperties) = preSolution
		HideSolutionNode = FALSE
	EndGlobalSection
	GlobalSection(ExtensibilityGlobals) = postSolution
		SolutionGuid = {B49330C0-2221-4655-9F06-BDC0CCC1CB05}
	EndGlobalSection
EndGlobal
